// !$*UTF8*$!
{
	archiveVersion = 1;
	classes = {
	};
	objectVersion = 56;
	objects = {

/* Begin PBXBuildFile section */
		F7FDB7202C0339EE004B0EB4 /* main.cpp in Sources */ = {isa = PBXBuildFile; fileRef = F7FDB71F2C0339EE004B0EB4 /* main.cpp */; };
		F7FDB7282C033E77004B0EB4 /* IJ.cpp in Sources */ = {isa = PBXBuildFile; fileRef = F7FDB7262C033E77004B0EB4 /* IJ.cpp */; };
		F7FDB72B2C03417A004B0EB4 /* mat.cpp in Sources */ = {isa = PBXBuildFile; fileRef = F7FDB7292C03417A004B0EB4 /* mat.cpp */; };
		F7FDB72E2C0342ED004B0EB4 /* matAIJ.cpp in Sources */ = {isa = PBXBuildFile; fileRef = F7FDB72C2C0342ED004B0EB4 /* matAIJ.cpp */; };
/* End PBXBuildFile section */

/* Begin PBXCopyFilesBuildPhase section */
		F7FDB71A2C0339EE004B0EB4 /* CopyFiles */ = {
			isa = PBXCopyFilesBuildPhase;
			buildActionMask = 2147483647;
			dstPath = /usr/share/man/man1/;
			dstSubfolderSpec = 0;
			files = (
			);
			runOnlyForDeploymentPostprocessing = 1;
		};
/* End PBXCopyFilesBuildPhase section */

/* Begin PBXFileReference section */
		F7FDB71C2C0339EE004B0EB4 /* TT-v2 */ = {isa = PBXFileReference; explicitFileType = "compiled.mach-o.executable"; includeInIndex = 0; path = "TT-v2"; sourceTree = BUILT_PRODUCTS_DIR; };
		F7FDB71F2C0339EE004B0EB4 /* main.cpp */ = {isa = PBXFileReference; lastKnownFileType = sourcecode.cpp.cpp; path = main.cpp; sourceTree = "<group>"; };
		F7FDB7262C033E77004B0EB4 /* IJ.cpp */ = {isa = PBXFileReference; lastKnownFileType = sourcecode.cpp.cpp; path = IJ.cpp; sourceTree = "<group>"; };
		F7FDB7272C033E77004B0EB4 /* IJ.hpp */ = {isa = PBXFileReference; lastKnownFileType = sourcecode.cpp.h; path = IJ.hpp; sourceTree = "<group>"; };
		F7FDB7292C03417A004B0EB4 /* mat.cpp */ = {isa = PBXFileReference; lastKnownFileType = sourcecode.cpp.cpp; path = mat.cpp; sourceTree = "<group>"; };
		F7FDB72A2C03417A004B0EB4 /* mat.hpp */ = {isa = PBXFileReference; lastKnownFileType = sourcecode.cpp.h; path = mat.hpp; sourceTree = "<group>"; };
		F7FDB72C2C0342ED004B0EB4 /* matAIJ.cpp */ = {isa = PBXFileReference; lastKnownFileType = sourcecode.cpp.cpp; path = matAIJ.cpp; sourceTree = "<group>"; };
		F7FDB72D2C0342ED004B0EB4 /* matAIJ.hpp */ = {isa = PBXFileReference; lastKnownFileType = sourcecode.cpp.h; path = matAIJ.hpp; sourceTree = "<group>"; };
/* End PBXFileReference section */

/* Begin PBXFrameworksBuildPhase section */
		F7FDB7192C0339EE004B0EB4 /* Frameworks */ = {
			isa = PBXFrameworksBuildPhase;
			buildActionMask = 2147483647;
			files = (
			);
			runOnlyForDeploymentPostprocessing = 0;
		};
/* End PBXFrameworksBuildPhase section */

/* Begin PBXGroup section */
		F7FDB7132C0339EE004B0EB4 = {
			isa = PBXGroup;
			children = (
				F7FDB71E2C0339EE004B0EB4 /* TT-v2 */,
				F7FDB71D2C0339EE004B0EB4 /* Products */,
			);
			sourceTree = "<group>";
		};
		F7FDB71D2C0339EE004B0EB4 /* Products */ = {
			isa = PBXGroup;
			children = (
				F7FDB71C2C0339EE004B0EB4 /* TT-v2 */,
			);
			name = Products;
			sourceTree = "<group>";
		};
		F7FDB71E2C0339EE004B0EB4 /* TT-v2 */ = {
			isa = PBXGroup;
			children = (
				F7FDB71F2C0339EE004B0EB4 /* main.cpp */,
				F7FDB72C2C0342ED004B0EB4 /* matAIJ.cpp */,
				F7FDB72D2C0342ED004B0EB4 /* matAIJ.hpp */,
				F7FDB7292C03417A004B0EB4 /* mat.cpp */,
				F7FDB72A2C03417A004B0EB4 /* mat.hpp */,
				F7FDB7262C033E77004B0EB4 /* IJ.cpp */,
				F7FDB7272C033E77004B0EB4 /* IJ.hpp */,
			);
			path = "TT-v2";
			sourceTree = "<group>";
		};
/* End PBXGroup section */

/* Begin PBXNativeTarget section */
		F7FDB71B2C0339EE004B0EB4 /* TT-v2 */ = {
			isa = PBXNativeTarget;
			buildConfigurationList = F7FDB7232C0339EF004B0EB4 /* Build configuration list for PBXNativeTarget "TT-v2" */;
			buildPhases = (
				F7FDB7182C0339EE004B0EB4 /* Sources */,
				F7FDB7192C0339EE004B0EB4 /* Frameworks */,
				F7FDB71A2C0339EE004B0EB4 /* CopyFiles */,
			);
			buildRules = (
			);
			dependencies = (
			);
			name = "TT-v2";
			productName = "TT-v2";
			productReference = F7FDB71C2C0339EE004B0EB4 /* TT-v2 */;
			productType = "com.apple.product-type.tool";
		};
/* End PBXNativeTarget section */

/* Begin PBXProject section */
		F7FDB7142C0339EE004B0EB4 /* Project object */ = {
			isa = PBXProject;
			attributes = {
				BuildIndependentTargetsInParallel = 1;
				LastUpgradeCheck = 1540;
				TargetAttributes = {
					F7FDB71B2C0339EE004B0EB4 = {
						CreatedOnToolsVersion = 15.4;
					};
				};
			};
			buildConfigurationList = F7FDB7172C0339EE004B0EB4 /* Build configuration list for PBXProject "TT-v2" */;
			compatibilityVersion = "Xcode 14.0";
			developmentRegion = en;
			hasScannedForEncodings = 0;
			knownRegions = (
				en,
				Base,
			);
			mainGroup = F7FDB7132C0339EE004B0EB4;
			productRefGroup = F7FDB71D2C0339EE004B0EB4 /* Products */;
			projectDirPath = "";
			projectRoot = "";
			targets = (
				F7FDB71B2C0339EE004B0EB4 /* TT-v2 */,
			);
		};
/* End PBXProject section */

/* Begin PBXSourcesBuildPhase section */
		F7FDB7182C0339EE004B0EB4 /* Sources */ = {
			isa = PBXSourcesBuildPhase;
			buildActionMask = 2147483647;
			files = (
				F7FDB72B2C03417A004B0EB4 /* mat.cpp in Sources */,
				F7FDB72E2C0342ED004B0EB4 /* matAIJ.cpp in Sources */,
				F7FDB7282C033E77004B0EB4 /* IJ.cpp in Sources */,
				F7FDB7202C0339EE004B0EB4 /* main.cpp in Sources */,
			);
			runOnlyForDeploymentPostprocessing = 0;
		};
/* End PBXSourcesBuildPhase section */

/* Begin XCBuildConfiguration section */
		F7FDB7212C0339EE004B0EB4 /* Debug */ = {
			isa = XCBuildConfiguration;
			buildSettings = {
				ALWAYS_SEARCH_USER_PATHS = NO;
				ASSETCATALOG_COMPILER_GENERATE_SWIFT_ASSET_SYMBOL_EXTENSIONS = YES;
				CLANG_ANALYZER_NONNULL = YES;
				CLANG_ANALYZER_NUMBER_OBJECT_CONVERSION = YES_AGGRESSIVE;
				CLANG_CXX_LANGUAGE_STANDARD = "gnu++20";
				CLANG_ENABLE_MODULES = YES;
				CLANG_ENABLE_OBJC_ARC = YES;
				CLANG_ENABLE_OBJC_WEAK = YES;
				CLANG_WARN_BLOCK_CAPTURE_AUTORELEASING = YES;
				CLANG_WARN_BOOL_CONVERSION = YES;
				CLANG_WARN_COMMA = YES;
				CLANG_WARN_CONSTANT_CONVERSION = YES;
				CLANG_WARN_DEPRECATED_OBJC_IMPLEMENTATIONS = YES;
				CLANG_WARN_DIRECT_OBJC_ISA_USAGE = YES_ERROR;
				CLANG_WARN_DOCUMENTATION_COMMENTS = YES;
				CLANG_WARN_EMPTY_BODY = YES;
				CLANG_WARN_ENUM_CONVERSION = YES;
				CLANG_WARN_INFINITE_RECURSION = YES;
				CLANG_WARN_INT_CONVERSION = YES;
				CLANG_WARN_NON_LITERAL_NULL_CONVERSION = YES;
				CLANG_WARN_OBJC_IMPLICIT_RETAIN_SELF = YES;
				CLANG_WARN_OBJC_LITERAL_CONVERSION = YES;
				CLANG_WARN_OBJC_ROOT_CLASS = YES_ERROR;
				CLANG_WARN_QUOTED_INCLUDE_IN_FRAMEWORK_HEADER = YES;
				CLANG_WARN_RANGE_LOOP_ANALYSIS = YES;
				CLANG_WARN_STRICT_PROTOTYPES = YES;
				CLANG_WARN_SUSPICIOUS_MOVE = YES;
				CLANG_WARN_UNGUARDED_AVAILABILITY = YES_AGGRESSIVE;
				CLANG_WARN_UNREACHABLE_CODE = YES;
				CLANG_WARN__DUPLICATE_METHOD_MATCH = YES;
				COPY_PHASE_STRIP = NO;
				DEBUG_INFORMATION_FORMAT = dwarf;
				ENABLE_STRICT_OBJC_MSGSEND = YES;
				ENABLE_TESTABILITY = YES;
				ENABLE_USER_SCRIPT_SANDBOXING = YES;
				GCC_C_LANGUAGE_STANDARD = gnu17;
				GCC_DYNAMIC_NO_PIC = NO;
				GCC_NO_COMMON_BLOCKS = YES;
				GCC_OPTIMIZATION_LEVEL = 0;
				GCC_PREPROCESSOR_DEFINITIONS = (
					"DEBUG=1",
					"$(inherited)",
				);
				GCC_WARN_64_TO_32_BIT_CONVERSION = YES;
				GCC_WARN_ABOUT_RETURN_TYPE = YES_ERROR;
				GCC_WARN_UNDECLARED_SELECTOR = YES;
				GCC_WARN_UNINITIALIZED_AUTOS = YES_AGGRESSIVE;
				GCC_WARN_UNUSED_FUNCTION = YES;
				GCC_WARN_UNUSED_VARIABLE = YES;
				LOCALIZATION_PREFERS_STRING_CATALOGS = YES;
				MACOSX_DEPLOYMENT_TARGET = 14.4;
				MTL_ENABLE_DEBUG_INFO = INCLUDE_SOURCE;
				MTL_FAST_MATH = YES;
				ONLY_ACTIVE_ARCH = YES;
				SDKROOT = macosx;
			};
			name = Debug;
		};
		F7FDB7222C0339EE004B0EB4 /* Release */ = {
			isa = XCBuildConfiguration;
			buildSettings = {
				ALWAYS_SEARCH_USER_PATHS = NO;
				ASSETCATALOG_COMPILER_GENERATE_SWIFT_ASSET_SYMBOL_EXTENSIONS = YES;
				CLANG_ANALYZER_NONNULL = YES;
				CLANG_ANALYZER_NUMBER_OBJECT_CONVERSION = YES_AGGRESSIVE;
				CLANG_CXX_LANGUAGE_STANDARD = "gnu++20";
				CLANG_ENABLE_MODULES = YES;
				CLANG_ENABLE_OBJC_ARC = YES;
				CLANG_ENABLE_OBJC_WEAK = YES;
				CLANG_WARN_BLOCK_CAPTURE_AUTORELEASING = YES;
				CLANG_WARN_BOOL_CONVERSION = YES;
				CLANG_WARN_COMMA = YES;
				CLANG_WARN_CONSTANT_CONVERSION = YES;
				CLANG_WARN_DEPRECATED_OBJC_IMPLEMENTATIONS = YES;
				CLANG_WARN_DIRECT_OBJC_ISA_USAGE = YES_ERROR;
				CLANG_WARN_DOCUMENTATION_COMMENTS = YES;
				CLANG_WARN_EMPTY_BODY = YES;
				CLANG_WARN_ENUM_CONVERSION = YES;
				CLANG_WARN_INFINITE_RECURSION = YES;
				CLANG_WARN_INT_CONVERSION = YES;
				CLANG_WARN_NON_LITERAL_NULL_CONVERSION = YES;
				CLANG_WARN_OBJC_IMPLICIT_RETAIN_SELF = YES;
				CLANG_WARN_OBJC_LITERAL_CONVERSION = YES;
				CLANG_WARN_OBJC_ROOT_CLASS = YES_ERROR;
				CLANG_WARN_QUOTED_INCLUDE_IN_FRAMEWORK_HEADER = YES;
				CLANG_WARN_RANGE_LOOP_ANALYSIS = YES;
				CLANG_WARN_STRICT_PROTOTYPES = YES;
				CLANG_WARN_SUSPICIOUS_MOVE = YES;
				CLANG_WARN_UNGUARDED_AVAILABILITY = YES_AGGRESSIVE;
				CLANG_WARN_UNREACHABLE_CODE = YES;
				CLANG_WARN__DUPLICATE_METHOD_MATCH = YES;
				COPY_PHASE_STRIP = NO;
				DEBUG_INFORMATION_FORMAT = "dwarf-with-dsym";
				ENABLE_NS_ASSERTIONS = NO;
				ENABLE_STRICT_OBJC_MSGSEND = YES;
				ENABLE_USER_SCRIPT_SANDBOXING = YES;
				GCC_C_LANGUAGE_STANDARD = gnu17;
				GCC_NO_COMMON_BLOCKS = YES;
				GCC_WARN_64_TO_32_BIT_CONVERSION = YES;
				GCC_WARN_ABOUT_RETURN_TYPE = YES_ERROR;
				GCC_WARN_UNDECLARED_SELECTOR = YES;
				GCC_WARN_UNINITIALIZED_AUTOS = YES_AGGRESSIVE;
				GCC_WARN_UNUSED_FUNCTION = YES;
				GCC_WARN_UNUSED_VARIABLE = YES;
				LOCALIZATION_PREFERS_STRING_CATALOGS = YES;
				MACOSX_DEPLOYMENT_TARGET = 14.4;
				MTL_ENABLE_DEBUG_INFO = NO;
				MTL_FAST_MATH = YES;
				SDKROOT = macosx;
			};
			name = Release;
		};
		F7FDB7242C0339EF004B0EB4 /* Debug */ = {
			isa = XCBuildConfiguration;
			buildSettings = {
				CODE_SIGN_STYLE = Automatic;
				PRODUCT_NAME = "$(TARGET_NAME)";
			};
			name = Debug;
		};
		F7FDB7252C0339EF004B0EB4 /* Release */ = {
			isa = XCBuildConfiguration;
			buildSettings = {
				CODE_SIGN_STYLE = Automatic;
				PRODUCT_NAME = "$(TARGET_NAME)";
			};
			name = Release;
		};
/* End XCBuildConfiguration section */

/* Begin XCConfigurationList section */
		F7FDB7172C0339EE004B0EB4 /* Build configuration list for PBXProject "TT-v2" */ = {
			isa = XCConfigurationList;
			buildConfigurations = (
				F7FDB7212C0339EE004B0EB4 /* Debug */,
				F7FDB7222C0339EE004B0EB4 /* Release */,
			);
			defaultConfigurationIsVisible = 0;
			defaultConfigurationName = Release;
		};
		F7FDB7232C0339EF004B0EB4 /* Build configuration list for PBXNativeTarget "TT-v2" */ = {
			isa = XCConfigurationList;
			buildConfigurations = (
				F7FDB7242C0339EF004B0EB4 /* Debug */,
				F7FDB7252C0339EF004B0EB4 /* Release */,
			);
			defaultConfigurationIsVisible = 0;
			defaultConfigurationName = Release;
		};
/* End XCConfigurationList section */
	};
	rootObject = F7FDB7142C0339EE004B0EB4 /* Project object */;
}
